
Microsoft Visual Studio Solution File, Format Version 12.00
# Visual Studio Version 16
VisualStudioVersion = 16.0.30309.148
MinimumVisualStudioVersion = 10.0.40219.1
Project("{9A19103F-16F7-4668-BE54-9A1E7A4F7556}") = "BlazorTest", "BlazorTest\BlazorTest.csproj", "{B1C602E0-916C-43CE-9C46-1D2BDEB3431B}"
EndProject
Global
	GlobalSection(SolutionConfigurationPlatforms) = preSolution
		Debug|Any CPU = Debug|Any CPU
		Release|Any CPU = Release|Any CPU
	EndGlobalSection
	GlobalSection(ProjectConfigurationPlatforms) = postSolution
		{B1C602E0-916C-43CE-9C46-1D2BDEB3431B}.Debug|Any CPU.ActiveCfg = Debug|Any CPU
		{B1C602E0-916C-43CE-9C46-1D2BDEB3431B}.Debug|Any CPU.Build.0 = Debug|Any CPU
		{B1C602E0-916C-43CE-9C46-1D2BDEB3431B}.Release|Any CPU.ActiveCfg = Release|Any CPU
		{B1C602E0-916C-43CE-9C46-1D2BDEB3431B}.Release|Any CPU.Build.0 = Release|Any CPU
	EndGlobalSection
	GlobalSection(SolutionProperties) = preSolution
		HideSolutionNode = FALSE
	EndGlobalSection
	GlobalSection(ExtensibilityGlobals) = postSolution
		SolutionGuid = {C6E61960-3692-470A-9F90-6EFD7763EFDC}
	EndGlobalSection
EndGlobal
